
Microsoft Visual Studio Solution File, Format Version 12.00
# Visual Studio 15
VisualStudioVersion = 15.0.27703.2026
MinimumVisualStudioVersion = 10.0.40219.1
Project("{FAE04EC0-301F-11D3-BF4B-00C04F79EFBC}") = "LessShittyLogcat", "LessShittyLogcat.csproj", "{D3D6A3C6-9A9B-4829-88B7-FE097F26295E}"
EndProject
Global
	GlobalSection(SolutionConfigurationPlatforms) = preSolution
		Debug|Any CPU = Debug|Any CPU
		Release|Any CPU = Release|Any CPU
	EndGlobalSection
	GlobalSection(ProjectConfigurationPlatforms) = postSolution
		{D3D6A3C6-9A9B-4829-88B7-FE097F26295E}.Debug|Any CPU.ActiveCfg = Debug|Any CPU
		{D3D6A3C6-9A9B-4829-88B7-FE097F26295E}.Debug|Any CPU.Build.0 = Debug|Any CPU
		{D3D6A3C6-9A9B-4829-88B7-FE097F26295E}.Release|Any CPU.ActiveCfg = Release|Any CPU
		{D3D6A3C6-9A9B-4829-88B7-FE097F26295E}.Release|Any CPU.Build.0 = Release|Any CPU
	EndGlobalSection
	GlobalSection(SolutionProperties) = preSolution
		HideSolutionNode = FALSE
	EndGlobalSection
	GlobalSection(ExtensibilityGlobals) = postSolution
		SolutionGuid = {609B932D-B448-4DCC-953A-2B452A1BBA25}
	EndGlobalSection
EndGlobal
